
Microsoft Visual Studio Solution File, Format Version 12.00
# Visual Studio Version 17
VisualStudioVersion = 17.2.32526.322
MinimumVisualStudioVersion = 10.0.40219.1
Project("{2150E333-8FDC-42A3-9474-1A3956D46DE8}") = "Services", "Services", "{A8B3CF2E-A6DB-4B5F-9168-22B3C88EC6A1}"
EndProject
Project("{2150E333-8FDC-42A3-9474-1A3956D46DE8}") = "Catalog", "Catalog", "{18AA1734-D037-4DDB-A12D-32DB9EEFE668}"
EndProject
Project("{9A19103F-16F7-4668-BE54-9A1E7A4F7556}") = "Catalog.API", "services\catalog\Catalog.API\Catalog.API.csproj", "{CF7F8728-6514-465E-AE49-5C0F5DAE3ABD}"
EndProject
Project("{E53339B2-1760-4266-BCC7-CA923CBCF16C}") = "docker-compose", "docker-compose.dcproj", "{7BD1B1EF-82F3-4119-B656-EC14688A129B}"
EndProject
Project("{2150E333-8FDC-42A3-9474-1A3956D46DE8}") = "Basket", "Basket", "{876399DD-6E03-4D49-835B-6F5E0735AD88}"
EndProject
Project("{9A19103F-16F7-4668-BE54-9A1E7A4F7556}") = "Basket.API", "services\Basket\Basket.API\Basket.API.csproj", "{3EB837D6-8A0E-4534-BD17-F8A8C7147694}"
EndProject
Project("{2150E333-8FDC-42A3-9474-1A3956D46DE8}") = "Discount", "Discount", "{B02F4F42-75A0-4180-812F-247506ACB5E7}"
EndProject
Project("{FAE04EC0-301F-11D3-BF4B-00C04F79EFBC}") = "Discount.API", "Services\Discount\Discount.API\Discount.API.csproj", "{1FCA67FF-1105-49BD-9729-57D77CA179BE}"
EndProject
Project("{FAE04EC0-301F-11D3-BF4B-00C04F79EFBC}") = "Discount.Grpc", "Services\Discount\Discount.Grpc\Discount.Grpc.csproj", "{1F31B8C6-83BD-4AB6-AE58-3258D1C0BA34}"
EndProject
Global
	GlobalSection(SolutionConfigurationPlatforms) = preSolution
		Debug|Any CPU = Debug|Any CPU
		Release|Any CPU = Release|Any CPU
	EndGlobalSection
	GlobalSection(ProjectConfigurationPlatforms) = postSolution
		{CF7F8728-6514-465E-AE49-5C0F5DAE3ABD}.Debug|Any CPU.ActiveCfg = Debug|Any CPU
		{CF7F8728-6514-465E-AE49-5C0F5DAE3ABD}.Debug|Any CPU.Build.0 = Debug|Any CPU
		{CF7F8728-6514-465E-AE49-5C0F5DAE3ABD}.Release|Any CPU.ActiveCfg = Release|Any CPU
		{CF7F8728-6514-465E-AE49-5C0F5DAE3ABD}.Release|Any CPU.Build.0 = Release|Any CPU
		{7BD1B1EF-82F3-4119-B656-EC14688A129B}.Debug|Any CPU.ActiveCfg = Debug|Any CPU
		{7BD1B1EF-82F3-4119-B656-EC14688A129B}.Debug|Any CPU.Build.0 = Debug|Any CPU
		{7BD1B1EF-82F3-4119-B656-EC14688A129B}.Release|Any CPU.ActiveCfg = Release|Any CPU
		{7BD1B1EF-82F3-4119-B656-EC14688A129B}.Release|Any CPU.Build.0 = Release|Any CPU
		{3EB837D6-8A0E-4534-BD17-F8A8C7147694}.Debug|Any CPU.ActiveCfg = Debug|Any CPU
		{3EB837D6-8A0E-4534-BD17-F8A8C7147694}.Debug|Any CPU.Build.0 = Debug|Any CPU
		{3EB837D6-8A0E-4534-BD17-F8A8C7147694}.Release|Any CPU.ActiveCfg = Release|Any CPU
		{3EB837D6-8A0E-4534-BD17-F8A8C7147694}.Release|Any CPU.Build.0 = Release|Any CPU
		{1FCA67FF-1105-49BD-9729-57D77CA179BE}.Debug|Any CPU.ActiveCfg = Debug|Any CPU
		{1FCA67FF-1105-49BD-9729-57D77CA179BE}.Debug|Any CPU.Build.0 = Debug|Any CPU
		{1FCA67FF-1105-49BD-9729-57D77CA179BE}.Release|Any CPU.ActiveCfg = Release|Any CPU
		{1FCA67FF-1105-49BD-9729-57D77CA179BE}.Release|Any CPU.Build.0 = Release|Any CPU
		{1F31B8C6-83BD-4AB6-AE58-3258D1C0BA34}.Debug|Any CPU.ActiveCfg = Debug|Any CPU
		{1F31B8C6-83BD-4AB6-AE58-3258D1C0BA34}.Debug|Any CPU.Build.0 = Debug|Any CPU
		{1F31B8C6-83BD-4AB6-AE58-3258D1C0BA34}.Release|Any CPU.ActiveCfg = Release|Any CPU
		{1F31B8C6-83BD-4AB6-AE58-3258D1C0BA34}.Release|Any CPU.Build.0 = Release|Any CPU
	EndGlobalSection
	GlobalSection(SolutionProperties) = preSolution
		HideSolutionNode = FALSE
	EndGlobalSection
	GlobalSection(NestedProjects) = preSolution
		{18AA1734-D037-4DDB-A12D-32DB9EEFE668} = {A8B3CF2E-A6DB-4B5F-9168-22B3C88EC6A1}
		{CF7F8728-6514-465E-AE49-5C0F5DAE3ABD} = {18AA1734-D037-4DDB-A12D-32DB9EEFE668}
		{876399DD-6E03-4D49-835B-6F5E0735AD88} = {A8B3CF2E-A6DB-4B5F-9168-22B3C88EC6A1}
		{3EB837D6-8A0E-4534-BD17-F8A8C7147694} = {876399DD-6E03-4D49-835B-6F5E0735AD88}
		{B02F4F42-75A0-4180-812F-247506ACB5E7} = {A8B3CF2E-A6DB-4B5F-9168-22B3C88EC6A1}
		{1FCA67FF-1105-49BD-9729-57D77CA179BE} = {B02F4F42-75A0-4180-812F-247506ACB5E7}
		{1F31B8C6-83BD-4AB6-AE58-3258D1C0BA34} = {B02F4F42-75A0-4180-812F-247506ACB5E7}
	EndGlobalSection
	GlobalSection(ExtensibilityGlobals) = postSolution
		SolutionGuid = {02846C54-C3E1-4FC3-A700-0275A90DC320}
	EndGlobalSection
EndGlobal
